github.com/caitlinelfring/go-env-default v1.1.0 h1:bhDfXmUolvcIGfQCX8qevQX8wxC54NGz0aimoUnhvDM=
github.com/caitlinelfring/go-env-default v1.1.0/go.mod h1:tESXPr8zFPP/cRy3cwxrHBmjJIf2A1x/o4C9CET2rEk=
github.com/go-chi/chi/v5 v5.0.8 h1:lD+NLqFcAi1ovnVZpsnObHGW4xb4J8lNmoYVfECH1Y0=
github.com/go-chi/chi/v5 v5.0.8/go.mod h1:DslCQbL2OYiznFReuXYUmQ2hGd1aDpCnlMNITLSKoi8=
